# Coinbase Tx Block Height 238440
# https://www.blockchain.com/btc/tx/e53765709b8384f1196fae8a796df30a4dc9f87123346ca10836c411af5ad6b5
# https://blockchain.info/rawtx/e53765709b8384f1196fae8a796df30a4dc9f87123346ca10836c411af5ad6b5
# Block hash: 00000000000000db143554fa093eda1e7d608309f733170c4c7ea2777cfd5424
# Tx id: e53765709b8384f1196fae8a796df30a4dc9f87123346ca10836c411af5ad6b5
hash: "e53765709b8384f1196fae8a796df30a4dc9f87123346ca10836c411af5ad6b5"
merkle_root: "e53765709b8384f1196fae8a796df30a4dc9f87123346ca10836c411af5ad6b5"
coinbase_tx_prefix: "01000000010000000000000000000000000000000000000000000000000000000000000000ffffffff430368a303"
extranonce: "0551a56c5317fabe6d6d4bcc150681d98dd10b8ff0d3e415475c9c2211d69ad9c6575da5a149ebe2fc4b010000000000000000454d432055533100b4c00100"
coinbase_tx_suffix: "ffffffff0100f90295000000001976a914740ecaf436d5867903c722d783fc994c25a29b1588ac00000000"
path: 
  - 
