# Block with 1 transaction (not including the cb tx) generated using regtest
hash: "9e1b567b354f769edee9cc2f741a3ac6ebfb2b881759feb91b26ace4896daf59"
merkle_root: "3a158fb4278f27d01cafcac465ba1c5b8f3461687681465f6734649f2cb8d5a7"
coinbase_tx_prefix: "02000000010000000000000000000000000000000000000000000000000000000000000000ffffffff040172"
coinbase_script: "0101"
coinbase_tx_suffix: "ffffffff02d0751b2a010000001600146e556b6f3ad312726bc501da9656ac1329a84d040000000000000000266a24aa21a9edd8b6a6c9c32ffe19d40f1109b33186c59d580c7e7d591194df4e57b05ef9824100000000"
path: 
  - "55f88d00edeeca6cdb853624a34500e076394abd35fc39bf9a3a9865f0540731"
